
Microsoft Visual Studio Solution File, Format Version 12.00
# Visual Studio Version 17
VisualStudioVersion = 17.3.32825.248
MinimumVisualStudioVersion = 10.0.40219.1
Project("{FAE04EC0-301F-11D3-BF4B-00C04F79EFBC}") = "TareaDivisas", "TareaDivisas\TareaDivisas.csproj", "{CF5E70BA-9279-41E5-B1A9-A6E28692BD5E}"
EndProject
Global
	GlobalSection(SolutionConfigurationPlatforms) = preSolution
		Debug|Any CPU = Debug|Any CPU
		Release|Any CPU = Release|Any CPU
	EndGlobalSection
	GlobalSection(ProjectConfigurationPlatforms) = postSolution
		{CF5E70BA-9279-41E5-B1A9-A6E28692BD5E}.Debug|Any CPU.ActiveCfg = Debug|Any CPU
		{CF5E70BA-9279-41E5-B1A9-A6E28692BD5E}.Debug|Any CPU.Build.0 = Debug|Any CPU
		{CF5E70BA-9279-41E5-B1A9-A6E28692BD5E}.Release|Any CPU.ActiveCfg = Release|Any CPU
		{CF5E70BA-9279-41E5-B1A9-A6E28692BD5E}.Release|Any CPU.Build.0 = Release|Any CPU
	EndGlobalSection
	GlobalSection(SolutionProperties) = preSolution
		HideSolutionNode = FALSE
	EndGlobalSection
	GlobalSection(ExtensibilityGlobals) = postSolution
		SolutionGuid = {70D47832-6CA9-469A-959C-81BC294119E4}
	EndGlobalSection
EndGlobal
